// !$*UTF8*$!
{
	archiveVersion = 1;
	classes = {
	};
	objectVersion = 51;
	objects = {

/* Begin PBXBuildFile section */
		84CBCF6625B073D500CD6317 /* AppDelegate.swift in Sources */ = {isa = PBXBuildFile; fileRef = 84CBCF6525B073D500CD6317 /* AppDelegate.swift */; };
		84CBCF6825B073D500CD6317 /* SceneDelegate.swift in Sources */ = {isa = PBXBuildFile; fileRef = 84CBCF6725B073D500CD6317 /* SceneDelegate.swift */; };
		84CBCF6D25B073D500CD6317 /* Main.storyboard in Resources */ = {isa = PBXBuildFile; fileRef = 84CBCF6B25B073D500CD6317 /* Main.storyboard */; };
		84CBCF6F25B073DF00CD6317 /* Assets.xcassets in Resources */ = {isa = PBXBuildFile; fileRef = 84CBCF6E25B073DF00CD6317 /* Assets.xcassets */; };
		84CBCF7225B073DF00CD6317 /* LaunchScreen.storyboard in Resources */ = {isa = PBXBuildFile; fileRef = 84CBCF7025B073DF00CD6317 /* LaunchScreen.storyboard */; };
		84CBCF7C25B0751D00CD6317 /* TableViewController.swift in Sources */ = {isa = PBXBuildFile; fileRef = 84CBCF7B25B0751D00CD6317 /* TableViewController.swift */; };
		84CBCF8625B07A0E00CD6317 /* TableViewCell.swift in Sources */ = {isa = PBXBuildFile; fileRef = 84CBCF8525B07A0E00CD6317 /* TableViewCell.swift */; };
		9BD16BBFC1176E3828227EDD /* Pods_SkeletonViewApp.framework in Frameworks */ = {isa = PBXBuildFile; fileRef = 090C8A24C1D37F4DCB7F6CAC /* Pods_SkeletonViewApp.framework */; };
/* End PBXBuildFile section */

/* Begin PBXFileReference section */
		010D9F099CDB6EA2698E7102 /* Pods-SkeletonViewApp.debug.xcconfig */ = {isa = PBXFileReference; includeInIndex = 1; lastKnownFileType = text.xcconfig; name = "Pods-SkeletonViewApp.debug.xcconfig"; path = "Target Support Files/Pods-SkeletonViewApp/Pods-SkeletonViewApp.debug.xcconfig"; sourceTree = "<group>"; };
		090C8A24C1D37F4DCB7F6CAC /* Pods_SkeletonViewApp.framework */ = {isa = PBXFileReference; explicitFileType = wrapper.framework; includeInIndex = 0; path = Pods_SkeletonViewApp.framework; sourceTree = BUILT_PRODUCTS_DIR; };
		7ECD670329BF8650A62BFCB2 /* Pods-SkeletonViewApp.release.xcconfig */ = {isa = PBXFileReference; includeInIndex = 1; lastKnownFileType = text.xcconfig; name = "Pods-SkeletonViewApp.release.xcconfig"; path = "Target Support Files/Pods-SkeletonViewApp/Pods-SkeletonViewApp.release.xcconfig"; sourceTree = "<group>"; };
		84CBCF6225B073D500CD6317 /* SkeletonViewApp.app */ = {isa = PBXFileReference; explicitFileType = wrapper.application; includeInIndex = 0; path = SkeletonViewApp.app; sourceTree = BUILT_PRODUCTS_DIR; };
		84CBCF6525B073D500CD6317 /* AppDelegate.swift */ = {isa = PBXFileReference; lastKnownFileType = sourcecode.swift; path = AppDelegate.swift; sourceTree = "<group>"; };
		84CBCF6725B073D500CD6317 /* SceneDelegate.swift */ = {isa = PBXFileReference; lastKnownFileType = sourcecode.swift; path = SceneDelegate.swift; sourceTree = "<group>"; };
		84CBCF6C25B073D500CD6317 /* Base */ = {isa = PBXFileReference; lastKnownFileType = file.storyboard; name = Base; path = Base.lproj/Main.storyboard; sourceTree = "<group>"; };
		84CBCF6E25B073DF00CD6317 /* Assets.xcassets */ = {isa = PBXFileReference; lastKnownFileType = folder.assetcatalog; path = Assets.xcassets; sourceTree = "<group>"; };
		84CBCF7125B073DF00CD6317 /* Base */ = {isa = PBXFileReference; lastKnownFileType = file.storyboard; name = Base; path = Base.lproj/LaunchScreen.storyboard; sourceTree = "<group>"; };
		84CBCF7325B073E000CD6317 /* Info.plist */ = {isa = PBXFileReference; lastKnownFileType = text.plist.xml; path = Info.plist; sourceTree = "<group>"; };
		84CBCF7B25B0751D00CD6317 /* TableViewController.swift */ = {isa = PBXFileReference; lastKnownFileType = sourcecode.swift; path = TableViewController.swift; sourceTree = "<group>"; };
		84CBCF8525B07A0E00CD6317 /* TableViewCell.swift */ = {isa = PBXFileReference; lastKnownFileType = sourcecode.swift; path = TableViewCell.swift; sourceTree = "<group>"; };
/* End PBXFileReference section */

/* Begin PBXFrameworksBuildPhase section */
		84CBCF5F25B073D500CD6317 /* Frameworks */ = {
			isa = PBXFrameworksBuildPhase;
			buildActionMask = 2147483647;
			files = (
				9BD16BBFC1176E3828227EDD /* Pods_SkeletonViewApp.framework in Frameworks */,
			);
			runOnlyForDeploymentPostprocessing = 0;
		};
/* End PBXFrameworksBuildPhase section */

/* Begin PBXGroup section */
		02EDADC6CF298528770C3154 /* Pods */ = {
			isa = PBXGroup;
			children = (
				010D9F099CDB6EA2698E7102 /* Pods-SkeletonViewApp.debug.xcconfig */,
				7ECD670329BF8650A62BFCB2 /* Pods-SkeletonViewApp.release.xcconfig */,
			);
			path = Pods;
			sourceTree = "<group>";
		};
		1BA5C39259A451F1B67E78D1 /* Frameworks */ = {
			isa = PBXGroup;
			children = (
				090C8A24C1D37F4DCB7F6CAC /* Pods_SkeletonViewApp.framework */,
			);
			name = Frameworks;
			sourceTree = "<group>";
		};
		84CBCF5925B073D500CD6317 = {
			isa = PBXGroup;
			children = (
				84CBCF6425B073D500CD6317 /* SkeletonViewApp */,
				84CBCF6325B073D500CD6317 /* Products */,
				02EDADC6CF298528770C3154 /* Pods */,
				1BA5C39259A451F1B67E78D1 /* Frameworks */,
			);
			sourceTree = "<group>";
		};
		84CBCF6325B073D500CD6317 /* Products */ = {
			isa = PBXGroup;
			children = (
				84CBCF6225B073D500CD6317 /* SkeletonViewApp.app */,
			);
			name = Products;
			sourceTree = "<group>";
		};
		84CBCF6425B073D500CD6317 /* SkeletonViewApp */ = {
			isa = PBXGroup;
			children = (
				84CBCF6525B073D500CD6317 /* AppDelegate.swift */,
				84CBCF6725B073D500CD6317 /* SceneDelegate.swift */,
				84CBCF6B25B073D500CD6317 /* Main.storyboard */,
				84CBCF8525B07A0E00CD6317 /* TableViewCell.swift */,
				84CBCF7B25B0751D00CD6317 /* TableViewController.swift */,
				84CBCF6E25B073DF00CD6317 /* Assets.xcassets */,
				84CBCF7025B073DF00CD6317 /* LaunchScreen.storyboard */,
				84CBCF7325B073E000CD6317 /* Info.plist */,
			);
			path = SkeletonViewApp;
			sourceTree = "<group>";
		};
/* End PBXGroup section */

/* Begin PBXNativeTarget section */
		84CBCF6125B073D500CD6317 /* SkeletonViewApp */ = {
			isa = PBXNativeTarget;
			buildConfigurationList = 84CBCF7625B073E000CD6317 /* Build configuration list for PBXNativeTarget "SkeletonViewApp" */;
			buildPhases = (
				08777E13526EF23AE3B9D6B9 /* [CP] Check Pods Manifest.lock */,
				84CBCF5E25B073D500CD6317 /* Sources */,
				84CBCF5F25B073D500CD6317 /* Frameworks */,
				84CBCF6025B073D500CD6317 /* Resources */,
				E42AB9D2D9D6BDC699351DBB /* [CP] Embed Pods Frameworks */,
			);
			buildRules = (
			);
			dependencies = (
			);
			name = SkeletonViewApp;
			productName = SkeletonViewApp;
			productReference = 84CBCF6225B073D500CD6317 /* SkeletonViewApp.app */;
			productType = "com.apple.product-type.application";
		};
/* End PBXNativeTarget section */

/* Begin PBXProject section */
		84CBCF5A25B073D500CD6317 /* Project object */ = {
			isa = PBXProject;
			attributes = {
				LastSwiftUpdateCheck = 1230;
				LastUpgradeCheck = 1230;
				TargetAttributes = {
					84CBCF6125B073D500CD6317 = {
						CreatedOnToolsVersion = 12.3;
					};
				};
			};
			buildConfigurationList = 84CBCF5D25B073D500CD6317 /* Build configuration list for PBXProject "SkeletonViewApp" */;
			compatibilityVersion = "Xcode 9.3";
			developmentRegion = en;
			hasScannedForEncodings = 0;
			knownRegions = (
				en,
				Base,
			);
			mainGroup = 84CBCF5925B073D500CD6317;
			productRefGroup = 84CBCF6325B073D500CD6317 /* Products */;
			projectDirPath = "";
			projectRoot = "";
			targets = (
				84CBCF6125B073D500CD6317 /* SkeletonViewApp */,
			);
		};
/* End PBXProject section */

/* Begin PBXResourcesBuildPhase section */
		84CBCF6025B073D500CD6317 /* Resources */ = {
			isa = PBXResourcesBuildPhase;
			buildActionMask = 2147483647;
			files = (
				84CBCF7225B073DF00CD6317 /* LaunchScreen.storyboard in Resources */,
				84CBCF6F25B073DF00CD6317 /* Assets.xcassets in Resources */,
				84CBCF6D25B073D500CD6317 /* Main.storyboard in Resources */,
			);
			runOnlyForDeploymentPostprocessing = 0;
		};
/* End PBXResourcesBuildPhase section */

/* Begin PBXShellScriptBuildPhase section */
		08777E13526EF23AE3B9D6B9 /* [CP] Check Pods Manifest.lock */ = {
			isa = PBXShellScriptBuildPhase;
			buildActionMask = 2147483647;
			files = (
			);
			inputFileListPaths = (
			);
			inputPaths = (
				"${PODS_PODFILE_DIR_PATH}/Podfile.lock",
				"${PODS_ROOT}/Manifest.lock",
			);
			name = "[CP] Check Pods Manifest.lock";
			outputFileListPaths = (
			);
			outputPaths = (
				"$(DERIVED_FILE_DIR)/Pods-SkeletonViewApp-checkManifestLockResult.txt",
			);
			runOnlyForDeploymentPostprocessing = 0;
			shellPath = /bin/sh;
			shellScript = "diff \"${PODS_PODFILE_DIR_PATH}/Podfile.lock\" \"${PODS_ROOT}/Manifest.lock\" > /dev/null\nif [ $? != 0 ] ; then\n    # print error to STDERR\n    echo \"error: The sandbox is not in sync with the Podfile.lock. Run 'pod install' or update your CocoaPods installation.\" >&2\n    exit 1\nfi\n# This output is used by Xcode 'outputs' to avoid re-running this script phase.\necho \"SUCCESS\" > \"${SCRIPT_OUTPUT_FILE_0}\"\n";
			showEnvVarsInLog = 0;
		};
		E42AB9D2D9D6BDC699351DBB /* [CP] Embed Pods Frameworks */ = {
			isa = PBXShellScriptBuildPhase;
			buildActionMask = 2147483647;
			files = (
			);
			inputFileListPaths = (
				"${PODS_ROOT}/Target Support Files/Pods-SkeletonViewApp/Pods-SkeletonViewApp-frameworks-${CONFIGURATION}-input-files.xcfilelist",
			);
			name = "[CP] Embed Pods Frameworks";
			outputFileListPaths = (
				"${PODS_ROOT}/Target Support Files/Pods-SkeletonViewApp/Pods-SkeletonViewApp-frameworks-${CONFIGURATION}-output-files.xcfilelist",
			);
			runOnlyForDeploymentPostprocessing = 0;
			shellPath = /bin/sh;
			shellScript = "\"${PODS_ROOT}/Target Support Files/Pods-SkeletonViewApp/Pods-SkeletonViewApp-frameworks.sh\"\n";
			showEnvVarsInLog = 0;
		};
/* End PBXShellScriptBuildPhase section */

/* Begin PBXSourcesBuildPhase section */
		84CBCF5E25B073D500CD6317 /* Sources */ = {
			isa = PBXSourcesBuildPhase;
			buildActionMask = 2147483647;
			files = (
				84CBCF6625B073D500CD6317 /* AppDelegate.swift in Sources */,
				84CBCF8625B07A0E00CD6317 /* TableViewCell.swift in Sources */,
				84CBCF7C25B0751D00CD6317 /* TableViewController.swift in Sources */,
				84CBCF6825B073D500CD6317 /* SceneDelegate.swift in Sources */,
			);
			runOnlyForDeploymentPostprocessing = 0;
		};
/* End PBXSourcesBuildPhase section */

/* Begin PBXVariantGroup section */
		84CBCF6B25B073D500CD6317 /* Main.storyboard */ = {
			isa = PBXVariantGroup;
			children = (
				84CBCF6C25B073D500CD6317 /* Base */,
			);
			name = Main.storyboard;
			sourceTree = "<group>";
		};
		84CBCF7025B073DF00CD6317 /* LaunchScreen.storyboard */ = {
			isa = PBXVariantGroup;
			children = (
				84CBCF7125B073DF00CD6317 /* Base */,
			);
			name = LaunchScreen.storyboard;
			sourceTree = "<group>";
		};
/* End PBXVariantGroup section */

/* Begin XCBuildConfiguration section */
		84CBCF7425B073E000CD6317 /* Debug */ = {
			isa = XCBuildConfiguration;
			buildSettings = {
				ALWAYS_SEARCH_USER_PATHS = NO;
				CLANG_ANALYZER_NONNULL = YES;
				CLANG_ANALYZER_NUMBER_OBJECT_CONVERSION = YES_AGGRESSIVE;
				CLANG_CXX_LANGUAGE_STANDARD = "gnu++14";
				CLANG_CXX_LIBRARY = "libc++";
				CLANG_ENABLE_MODULES = YES;
				CLANG_ENABLE_OBJC_ARC = YES;
				CLANG_ENABLE_OBJC_WEAK = YES;
				CLANG_WARN_BLOCK_CAPTURE_AUTORELEASING = YES;
				CLANG_WARN_BOOL_CONVERSION = YES;
				CLANG_WARN_COMMA = YES;
				CLANG_WARN_CONSTANT_CONVERSION = YES;
				CLANG_WARN_DEPRECATED_OBJC_IMPLEMENTATIONS = YES;
				CLANG_WARN_DIRECT_OBJC_ISA_USAGE = YES_ERROR;
				CLANG_WARN_DOCUMENTATION_COMMENTS = YES;
				CLANG_WARN_EMPTY_BODY = YES;
				CLANG_WARN_ENUM_CONVERSION = YES;
				CLANG_WARN_INFINITE_RECURSION = YES;
				CLANG_WARN_INT_CONVERSION = YES;
				CLANG_WARN_NON_LITERAL_NULL_CONVERSION = YES;
				CLANG_WARN_OBJC_IMPLICIT_RETAIN_SELF = YES;
				CLANG_WARN_OBJC_LITERAL_CONVERSION = YES;
				CLANG_WARN_OBJC_ROOT_CLASS = YES_ERROR;
				CLANG_WARN_QUOTED_INCLUDE_IN_FRAMEWORK_HEADER = YES;
				CLANG_WARN_RANGE_LOOP_ANALYSIS = YES;
				CLANG_WARN_STRICT_PROTOTYPES = YES;
				CLANG_WARN_SUSPICIOUS_MOVE = YES;
				CLANG_WARN_UNGUARDED_AVAILABILITY = YES_AGGRESSIVE;
				CLANG_WARN_UNREACHABLE_CODE = YES;
				CLANG_WARN__DUPLICATE_METHOD_MATCH = YES;
				COPY_PHASE_STRIP = NO;
				DEBUG_INFORMATION_FORMAT = dwarf;
				ENABLE_STRICT_OBJC_MSGSEND = YES;
				ENABLE_TESTABILITY = YES;
				GCC_C_LANGUAGE_STANDARD = gnu11;
				GCC_DYNAMIC_NO_PIC = NO;
				GCC_NO_COMMON_BLOCKS = YES;
				GCC_OPTIMIZATION_LEVEL = 0;
				GCC_PREPROCESSOR_DEFINITIONS = (
					"DEBUG=1",
					"$(inherited)",
				);
				GCC_WARN_64_TO_32_BIT_CONVERSION = YES;
				GCC_WARN_ABOUT_RETURN_TYPE = YES_ERROR;
				GCC_WARN_UNDECLARED_SELECTOR = YES;
				GCC_WARN_UNINITIALIZED_AUTOS = YES_AGGRESSIVE;
				GCC_WARN_UNUSED_FUNCTION = YES;
				GCC_WARN_UNUSED_VARIABLE = YES;
				IPHONEOS_DEPLOYMENT_TARGET = 14.3;
				MTL_ENABLE_DEBUG_INFO = INCLUDE_SOURCE;
				MTL_FAST_MATH = YES;
				ONLY_ACTIVE_ARCH = YES;
				SDKROOT = iphoneos;
				SWIFT_ACTIVE_COMPILATION_CONDITIONS = DEBUG;
				SWIFT_OPTIMIZATION_LEVEL = "-Onone";
			};
			name = Debug;
		};
		84CBCF7525B073E000CD6317 /* Release */ = {
			isa = XCBuildConfiguration;
			buildSettings = {
				ALWAYS_SEARCH_USER_PATHS = NO;
				CLANG_ANALYZER_NONNULL = YES;
				CLANG_ANALYZER_NUMBER_OBJECT_CONVERSION = YES_AGGRESSIVE;
				CLANG_CXX_LANGUAGE_STANDARD = "gnu++14";
				CLANG_CXX_LIBRARY = "libc++";
				CLANG_ENABLE_MODULES = YES;
				CLANG_ENABLE_OBJC_ARC = YES;
				CLANG_ENABLE_OBJC_WEAK = YES;
				CLANG_WARN_BLOCK_CAPTURE_AUTORELEASING = YES;
				CLANG_WARN_BOOL_CONVERSION = YES;
				CLANG_WARN_COMMA = YES;
				CLANG_WARN_CONSTANT_CONVERSION = YES;
				CLANG_WARN_DEPRECATED_OBJC_IMPLEMENTATIONS = YES;
				CLANG_WARN_DIRECT_OBJC_ISA_USAGE = YES_ERROR;
				CLANG_WARN_DOCUMENTATION_COMMENTS = YES;
				CLANG_WARN_EMPTY_BODY = YES;
				CLANG_WARN_ENUM_CONVERSION = YES;
				CLANG_WARN_INFINITE_RECURSION = YES;
				CLANG_WARN_INT_CONVERSION = YES;
				CLANG_WARN_NON_LITERAL_NULL_CONVERSION = YES;
				CLANG_WARN_OBJC_IMPLICIT_RETAIN_SELF = YES;
				CLANG_WARN_OBJC_LITERAL_CONVERSION = YES;
				CLANG_WARN_OBJC_ROOT_CLASS = YES_ERROR;
				CLANG_WARN_QUOTED_INCLUDE_IN_FRAMEWORK_HEADER = YES;
				CLANG_WARN_RANGE_LOOP_ANALYSIS = YES;
				CLANG_WARN_STRICT_PROTOTYPES = YES;
				CLANG_WARN_SUSPICIOUS_MOVE = YES;
				CLANG_WARN_UNGUARDED_AVAILABILITY = YES_AGGRESSIVE;
				CLANG_WARN_UNREACHABLE_CODE = YES;
				CLANG_WARN__DUPLICATE_METHOD_MATCH = YES;
				COPY_PHASE_STRIP = NO;
				DEBUG_INFORMATION_FORMAT = "dwarf-with-dsym";
				ENABLE_NS_ASSERTIONS = NO;
				ENABLE_STRICT_OBJC_MSGSEND = YES;
				GCC_C_LANGUAGE_STANDARD = gnu11;
				GCC_NO_COMMON_BLOCKS = YES;
				GCC_WARN_64_TO_32_BIT_CONVERSION = YES;
				GCC_WARN_ABOUT_RETURN_TYPE = YES_ERROR;
				GCC_WARN_UNDECLARED_SELECTOR = YES;
				GCC_WARN_UNINITIALIZED_AUTOS = YES_AGGRESSIVE;
				GCC_WARN_UNUSED_FUNCTION = YES;
				GCC_WARN_UNUSED_VARIABLE = YES;
				IPHONEOS_DEPLOYMENT_TARGET = 14.3;
				MTL_ENABLE_DEBUG_INFO = NO;
				MTL_FAST_MATH = YES;
				SDKROOT = iphoneos;
				SWIFT_COMPILATION_MODE = wholemodule;
				SWIFT_OPTIMIZATION_LEVEL = "-O";
				VALIDATE_PRODUCT = YES;
			};
			name = Release;
		};
		84CBCF7725B073E000CD6317 /* Debug */ = {
			isa = XCBuildConfiguration;
			baseConfigurationReference = 010D9F099CDB6EA2698E7102 /* Pods-SkeletonViewApp.debug.xcconfig */;
			buildSettings = {
				ASSETCATALOG_COMPILER_APPICON_NAME = AppIcon;
				ASSETCATALOG_COMPILER_GLOBAL_ACCENT_COLOR_NAME = AccentColor;
				CODE_SIGN_STYLE = Automatic;
				DEVELOPMENT_TEAM = 7769A574Q6;
				INFOPLIST_FILE = SkeletonViewApp/Info.plist;
				LD_RUNPATH_SEARCH_PATHS = (
					"$(inherited)",
					"@executable_path/Frameworks",
				);
				PRODUCT_BUNDLE_IDENTIFIER = yevhenShevchenko.SkeletonViewApp;
				PRODUCT_NAME = "$(TARGET_NAME)";
				SWIFT_VERSION = 5.0;
				TARGETED_DEVICE_FAMILY = "1,2";
			};
			name = Debug;
		};
		84CBCF7825B073E000CD6317 /* Release */ = {
			isa = XCBuildConfiguration;
			baseConfigurationReference = 7ECD670329BF8650A62BFCB2 /* Pods-SkeletonViewApp.release.xcconfig */;
			buildSettings = {
				ASSETCATALOG_COMPILER_APPICON_NAME = AppIcon;
				ASSETCATALOG_COMPILER_GLOBAL_ACCENT_COLOR_NAME = AccentColor;
				CODE_SIGN_STYLE = Automatic;
				DEVELOPMENT_TEAM = 7769A574Q6;
				INFOPLIST_FILE = SkeletonViewApp/Info.plist;
				LD_RUNPATH_SEARCH_PATHS = (
					"$(inherited)",
					"@executable_path/Frameworks",
				);
				PRODUCT_BUNDLE_IDENTIFIER = yevhenShevchenko.SkeletonViewApp;
				PRODUCT_NAME = "$(TARGET_NAME)";
				SWIFT_VERSION = 5.0;
				TARGETED_DEVICE_FAMILY = "1,2";
			};
			name = Release;
		};
/* End XCBuildConfiguration section */

/* Begin XCConfigurationList section */
		84CBCF5D25B073D500CD6317 /* Build configuration list for PBXProject "SkeletonViewApp" */ = {
			isa = XCConfigurationList;
			buildConfigurations = (
				84CBCF7425B073E000CD6317 /* Debug */,
				84CBCF7525B073E000CD6317 /* Release */,
			);
			defaultConfigurationIsVisible = 0;
			defaultConfigurationName = Release;
		};
		84CBCF7625B073E000CD6317 /* Build configuration list for PBXNativeTarget "SkeletonViewApp" */ = {
			isa = XCConfigurationList;
			buildConfigurations = (
				84CBCF7725B073E000CD6317 /* Debug */,
				84CBCF7825B073E000CD6317 /* Release */,
			);
			defaultConfigurationIsVisible = 0;
			defaultConfigurationName = Release;
		};
/* End XCConfigurationList section */
	};
	rootObject = 84CBCF5A25B073D500CD6317 /* Project object */;
}
